{
  "name": "npm-slack-notifier",
  "version": "1.0.0",
  "lockfileVersion": 2,
  "requires": true,
  "packages": {
    "": {
      "version": "1.0.0",
      "license": "ISC",
      "dependencies": {
        "@slack/webhook": "^6.0.0",
        "kafkajs": "^1.15.0",
        "npm-hook-receiver": "^0.0.7"
      }
    },
    "node_modules/@slack/types": {
      "version": "1.10.0",
      "resolved": "https://registry.npmjs.org/@slack/types/-/types-1.10.0.tgz",
      "integrity": "sha512-tA7GG7Tj479vojfV3AoxbckalA48aK6giGjNtgH6ihpLwTyHE3fIgRrvt8TWfLwW8X8dyu7vgmAsGLRG7hWWOg==",
      "engines": {
        "node": ">= 8.9.0",
        "npm": ">= 5.5.1"
      }
    },
    "node_modules/@slack/webhook": {
      "version": "6.0.0",
      "resolved": "https://registry.npmjs.org/@slack/webhook/-/webhook-6.0.0.tgz",
      "integrity": "sha512-2fohfhLI9lkAmOSWt1R457JBsB3iFNqahu4GqdFZRtcp/bT+xeG/kPn/hQa78JS74poRjWTt5G/qJjNaWMGOEQ==",
      "dependencies": {
        "@slack/types": "^1.2.1",
        "@types/node": ">=12.0.0",
        "axios": "^0.21.1"
      },
      "engines": {
        "node": ">= 12.13.0",
        "npm": ">= 6.12.0"
      }
    },
    "node_modules/@types/node": {
      "version": "16.4.2",
      "resolved": "https://registry.npmjs.org/@types/node/-/node-16.4.2.tgz",
      "integrity": "sha512-vxyhOzFCm+jC/T5KugbVsYy1DbQM0h3NCFUrVbu0+pYa/nr+heeucpqxpa8j4pUmIGLPYzboY9zIdOF0niFAjQ=="
    },
    "node_modules/asn1": {
      "version": "0.1.11",
      "resolved": "https://registry.npmjs.org/asn1/-/asn1-0.1.11.tgz",
      "integrity": "sha1-VZvhg3bQik7E2+gId9J4GGObLfc=",
      "engines": {
        "node": ">=0.4.9"
      }
    },
    "node_modules/assert-plus": {
      "version": "0.1.5",
      "resolved": "https://registry.npmjs.org/assert-plus/-/assert-plus-0.1.5.tgz",
      "integrity": "sha1-7nQAlBMALYTOxyGcasgRgS5yMWA=",
      "engines": {
        "node": ">=0.8"
      }
    },
    "node_modules/axios": {
      "version": "0.21.1",
      "resolved": "https://registry.npmjs.org/axios/-/axios-0.21.1.tgz",
      "integrity": "sha512-dKQiRHxGD9PPRIUNIWvZhPTPpl1rf/OxTYKsqKUDjBwYylTvV7SjSHJb9ratfyzM6wCdLCOYLzs73qpg5c4iGA==",
      "dependencies": {
        "follow-redirects": "^1.10.0"
      }
    },
    "node_modules/backoff": {
      "version": "2.5.0",
      "resolved": "https://registry.npmjs.org/backoff/-/backoff-2.5.0.tgz",
      "integrity": "sha1-9hbtqdPktmuMp/ynn2lXIsX44m8=",
      "dependencies": {
        "precond": "0.2"
      },
      "engines": {
        "node": ">= 0.6"
      }
    },
    "node_modules/balanced-match": {
      "version": "1.0.2",
      "resolved": "https://registry.npmjs.org/balanced-match/-/balanced-match-1.0.2.tgz",
      "integrity": "sha512-3oSeUO0TMV67hN1AmbXsK4yaqU7tjiHlbxRDZOpH0KW9+CeX4bRAaX0Anxt0tx2MrpRpWwQaPwIlISEJhYU5Pw==",
      "optional": true
    },
    "node_modules/brace-expansion": {
      "version": "1.1.11",
      "resolved": "https://registry.npmjs.org/brace-expansion/-/brace-expansion-1.1.11.tgz",
      "integrity": "sha512-iCuPHDFgrHX7H2vEI/5xpz07zSHB00TpugqhmYtVmMO6518mCuRMoOYFldEBl0g187ufozdaHgWKcYFb61qGiA==",
      "optional": true,
      "dependencies": {
        "balanced-match": "^1.0.0",
        "concat-map": "0.0.1"
      }
    },
    "node_modules/bunyan": {
      "version": "1.8.15",
      "resolved": "https://registry.npmjs.org/bunyan/-/bunyan-1.8.15.tgz",
      "integrity": "sha512-0tECWShh6wUysgucJcBAoYegf3JJoZWibxdqhTm7OHPeT42qdjkZ29QCMcKwbgU1kiH+auSIasNRXMLWXafXig==",
      "engines": [
        "node >=0.10.0"
      ],
      "dependencies": {
        "dtrace-provider": "~0.8",
        "moment": "^2.19.3",
        "mv": "~2",
        "safe-json-stringify": "~1"
      },
      "bin": {
        "bunyan": "bin/bunyan"
      },
      "optionalDependencies": {
        "dtrace-provider": "~0.8",
        "moment": "^2.19.3",
        "mv": "~2",
        "safe-json-stringify": "~1"
      }
    },
    "node_modules/bunyan/node_modules/dtrace-provider": {
      "version": "0.8.8",
      "resolved": "https://registry.npmjs.org/dtrace-provider/-/dtrace-provider-0.8.8.tgz",
      "integrity": "sha512-b7Z7cNtHPhH9EJhNNbbeqTcXB8LGFFZhq1PGgEvpeHlzd36bhbdTWoE/Ba/YguqpBSlAPKnARWhVlhunCMwfxg==",
      "hasInstallScript": true,
      "optional": true,
      "dependencies": {
        "nan": "^2.14.0"
      },
      "engines": {
        "node": ">=0.10"
      }
    },
    "node_modules/concat-map": {
      "version": "0.0.1",
      "resolved": "https://registry.npmjs.org/concat-map/-/concat-map-0.0.1.tgz",
      "integrity": "sha1-2Klr13/Wjfd5OnMDajug1UBdR3s=",
      "optional": true
    },
    "node_modules/core-util-is": {
      "version": "1.0.2",
      "resolved": "https://registry.npmjs.org/core-util-is/-/core-util-is-1.0.2.tgz",
      "integrity": "sha1-tf1UIgqivFq1eqtxQMlAdUUDwac="
    },
    "node_modules/csv": {
      "version": "0.4.1",
      "resolved": "https://registry.npmjs.org/csv/-/csv-0.4.1.tgz",
      "integrity": "sha1-qljwWVkcmKNhphsofRwKOUx5Fg4=",
      "dependencies": {
        "csv-generate": "*",
        "csv-parse": "*",
        "csv-stringify": "*",
        "stream-transform": "*"
      },
      "engines": {
        "node": ">= 0.1.90"
      }
    },
    "node_modules/csv-generate": {
      "version": "3.4.0",
      "resolved": "https://registry.npmjs.org/csv-generate/-/csv-generate-3.4.0.tgz",
      "integrity": "sha512-D6yi7c6lL70cpTx3TQIVWKrfxuLiKa0pBizu0zi7fSRXlhmE7u674gk9k1IjCEnxKq2t6xzbXnxcOmSdBbE8vQ=="
    },
    "node_modules/csv-parse": {
      "version": "4.16.0",
      "resolved": "https://registry.npmjs.org/csv-parse/-/csv-parse-4.16.0.tgz",
      "integrity": "sha512-Zb4tGPANH4SW0LgC9+s9Mnequs9aqn7N3/pCqNbVjs2XhEF6yWNU2Vm4OGl1v2Go9nw8rXt87Cm2QN/o6Vpqgg=="
    },
    "node_modules/csv-stringify": {
      "version": "5.6.2",
      "resolved": "https://registry.npmjs.org/csv-stringify/-/csv-stringify-5.6.2.tgz",
      "integrity": "sha512-n3rIVbX6ylm1YsX2NEug9IaPV8xRnT+9/NNZbrA/bcHgOSSeqtWla6XnI/xmyu57wIw+ASCAoX1oM6EZtqJV0A=="
    },
    "node_modules/ctype": {
      "version": "0.5.3",
      "resolved": "https://registry.npmjs.org/ctype/-/ctype-0.5.3.tgz",
      "integrity": "sha1-gsGMJGH3QRTvFsE1IkrQuRRMoS8=",
      "engines": {
        "node": ">= 0.4"
      }
    },
    "node_modules/dtrace-provider": {
      "version": "0.6.0",
      "resolved": "https://registry.npmjs.org/dtrace-provider/-/dtrace-provider-0.6.0.tgz",
      "integrity": "sha1-CweNVReTfYcxAUUtkUZzdVe3XlE=",
      "hasInstallScript": true,
      "optional": true,
      "dependencies": {
        "nan": "^2.0.8"
      },
      "engines": {
        "node": ">=0.10"
      }
    },
    "node_modules/escape-regexp-component": {
      "version": "1.0.2",
      "resolved": "https://registry.npmjs.org/escape-regexp-component/-/escape-regexp-component-1.0.2.tgz",
      "integrity": "sha1-nGO20LJf8qiMOtvRjFthrMO5+qI="
    },
    "node_modules/extsprintf": {
      "version": "1.4.0",
      "resolved": "https://registry.npmjs.org/extsprintf/-/extsprintf-1.4.0.tgz",
      "integrity": "sha1-4mifjzVvrWLMplo6kcXfX5VRaS8=",
      "engines": [
        "node >=0.6.0"
      ]
    },
    "node_modules/follow-redirects": {
      "version": "1.14.1",
      "resolved": "https://registry.npmjs.org/follow-redirects/-/follow-redirects-1.14.1.tgz",
      "integrity": "sha512-HWqDgT7ZEkqRzBvc2s64vSZ/hfOceEol3ac/7tKwzuvEyWx3/4UegXh5oBOIotkGsObyk3xznnSRVADBgWSQVg==",
      "funding": [
        {
          "type": "individual",
          "url": "https://github.com/sponsors/RubenVerborgh"
        }
      ],
      "engines": {
        "node": ">=4.0"
      },
      "peerDependenciesMeta": {
        "debug": {
          "optional": true
        }
      }
    },
    "node_modules/formidable": {
      "version": "1.2.2",
      "resolved": "https://registry.npmjs.org/formidable/-/formidable-1.2.2.tgz",
      "integrity": "sha512-V8gLm+41I/8kguQ4/o1D3RIHRmhYFG4pnNyonvua+40rqcEmT4+V71yaZ3B457xbbgCsCfjSPi65u/W6vK1U5Q==",
      "funding": {
        "url": "https://ko-fi.com/tunnckoCore/commissions"
      }
    },
    "node_modules/glob": {
      "version": "6.0.4",
      "resolved": "https://registry.npmjs.org/glob/-/glob-6.0.4.tgz",
      "integrity": "sha1-DwiGD2oVUSey+t1PnOJLGqtuTSI=",
      "optional": true,
      "dependencies": {
        "inflight": "^1.0.4",
        "inherits": "2",
        "minimatch": "2 || 3",
        "once": "^1.3.0",
        "path-is-absolute": "^1.0.0"
      },
      "engines": {
        "node": "*"
      }
    },
    "node_modules/http-signature": {
      "version": "0.11.0",
      "resolved": "https://registry.npmjs.org/http-signature/-/http-signature-0.11.0.tgz",
      "integrity": "sha1-F5bPZ6ABrVzWhJ3KCZFIXwkIn+Y=",
      "dependencies": {
        "asn1": "0.1.11",
        "assert-plus": "^0.1.5",
        "ctype": "0.5.3"
      },
      "engines": {
        "node": ">=0.8"
      }
    },
    "node_modules/inflight": {
      "version": "1.0.6",
      "resolved": "https://registry.npmjs.org/inflight/-/inflight-1.0.6.tgz",
      "integrity": "sha1-Sb1jMdfQLQwJvJEKEHW6gWW1bfk=",
      "optional": true,
      "dependencies": {
        "once": "^1.3.0",
        "wrappy": "1"
      }
    },
    "node_modules/inherits": {
      "version": "2.0.4",
      "resolved": "https://registry.npmjs.org/inherits/-/inherits-2.0.4.tgz",
      "integrity": "sha512-k/vGaX4/Yla3WzyMCvTQOXYeIHvqOKtnqBduzTHpzpQZzAskKMhZ2K+EnBiSM9zGSoIFeMpXKxa4dYeZIQqewQ==",
      "optional": true
    },
    "node_modules/kafkajs": {
      "version": "1.15.0",
      "resolved": "https://registry.npmjs.org/kafkajs/-/kafkajs-1.15.0.tgz",
      "integrity": "sha512-yjPyEnQCkPxAuQLIJnY5dI+xnmmgXmhuOQ1GVxClG5KTOV/rJcW1qA3UfvyEJKTp/RTSqQnUR3HJsKFvHyTpNg==",
      "engines": {
        "node": ">=10.13.0"
      }
    },
    "node_modules/keep-alive-agent": {
      "version": "0.0.1",
      "resolved": "https://registry.npmjs.org/keep-alive-agent/-/keep-alive-agent-0.0.1.tgz",
      "integrity": "sha1-RIR8o5TOjWtSGuhYFr1kUJlCs4U="
    },
    "node_modules/lru-cache": {
      "version": "2.7.3",
      "resolved": "https://registry.npmjs.org/lru-cache/-/lru-cache-2.7.3.tgz",
      "integrity": "sha1-bUUk6LlV+V1PW1iFHOId1y+06VI="
    },
    "node_modules/mime": {
      "version": "1.6.0",
      "resolved": "https://registry.npmjs.org/mime/-/mime-1.6.0.tgz",
      "integrity": "sha512-x0Vn8spI+wuJ1O6S7gnbaQg8Pxh4NNHb7KSINmEWKiPE4RKOplvijn+NkmYmmRgP68mc70j2EbeTFRsrswaQeg==",
      "bin": {
        "mime": "cli.js"
      },
      "engines": {
        "node": ">=4"
      }
    },
    "node_modules/minimatch": {
      "version": "3.0.4",
      "resolved": "https://registry.npmjs.org/minimatch/-/minimatch-3.0.4.tgz",
      "integrity": "sha512-yJHVQEhyqPLUTgt9B83PXu6W3rx4MvvHvSUvToogpwoGDOUQ+yDrR0HRot+yOCdCO7u4hX3pWft6kWBBcqh0UA==",
      "optional": true,
      "dependencies": {
        "brace-expansion": "^1.1.7"
      },
      "engines": {
        "node": "*"
      }
    },
    "node_modules/minimist": {
      "version": "1.2.5",
      "resolved": "https://registry.npmjs.org/minimist/-/minimist-1.2.5.tgz",
      "integrity": "sha512-FM9nNUYrRBAELZQT3xeZQ7fmMOBg6nWNmJKTcgsJeaLstP/UODVpGsr5OhXhhXg6f+qtJ8uiZ+PUxkDWcgIXLw==",
      "optional": true
    },
    "node_modules/mixme": {
      "version": "0.5.1",
      "resolved": "https://registry.npmjs.org/mixme/-/mixme-0.5.1.tgz",
      "integrity": "sha512-NaeZIckeBFT7i0XBEpGyFcAE0/bLcQ9MHErTpnU3bLWVE5WZbxG5Y3fDsMxYGifTo5khDA42OquXCC2ngKJB+g==",
      "engines": {
        "node": ">= 8.0.0"
      }
    },
    "node_modules/mkdirp": {
      "version": "0.5.5",
      "resolved": "https://registry.npmjs.org/mkdirp/-/mkdirp-0.5.5.tgz",
      "integrity": "sha512-NKmAlESf6jMGym1++R0Ra7wvhV+wFW63FaSOFPwRahvea0gMUcGUhVeAg/0BC0wiv9ih5NYPB1Wn1UEI1/L+xQ==",
      "optional": true,
      "dependencies": {
        "minimist": "^1.2.5"
      },
      "bin": {
        "mkdirp": "bin/cmd.js"
      }
    },
    "node_modules/moment": {
      "version": "2.29.1",
      "resolved": "https://registry.npmjs.org/moment/-/moment-2.29.1.tgz",
      "integrity": "sha512-kHmoybcPV8Sqy59DwNDY3Jefr64lK/by/da0ViFcuA4DH0vQg5Q6Ze5VimxkfQNSC+Mls/Kx53s7TjP1RhFEDQ==",
      "optional": true,
      "engines": {
        "node": "*"
      }
    },
    "node_modules/mv": {
      "version": "2.1.1",
      "resolved": "https://registry.npmjs.org/mv/-/mv-2.1.1.tgz",
      "integrity": "sha1-rmzg1vbV4KT32JN5jQPB6pVZtqI=",
      "optional": true,
      "dependencies": {
        "mkdirp": "~0.5.1",
        "ncp": "~2.0.0",
        "rimraf": "~2.4.0"
      },
      "engines": {
        "node": ">=0.8.0"
      }
    },
    "node_modules/nan": {
      "version": "2.14.2",
      "resolved": "https://registry.npmjs.org/nan/-/nan-2.14.2.tgz",
      "integrity": "sha512-M2ufzIiINKCuDfBSAUr1vWQ+vuVcA9kqx8JJUsbQi6yf1uGRyb7HfpdfUr5qLXf3B/t8dPvcjhKMmlfnP47EzQ==",
      "optional": true
    },
    "node_modules/ncp": {
      "version": "2.0.0",
      "resolved": "https://registry.npmjs.org/ncp/-/ncp-2.0.0.tgz",
      "integrity": "sha1-GVoh1sRuNh0vsSgbo4uR6d9727M=",
      "optional": true,
      "bin": {
        "ncp": "bin/ncp"
      }
    },
    "node_modules/negotiator": {
      "version": "0.5.3",
      "resolved": "https://registry.npmjs.org/negotiator/-/negotiator-0.5.3.tgz",
      "integrity": "sha1-Jp1cR2gQ7JLtvntsLygxY4T5p+g=",
      "engines": {
        "node": ">= 0.6"
      }
    },
    "node_modules/node-uuid": {
      "version": "1.4.8",
      "resolved": "https://registry.npmjs.org/node-uuid/-/node-uuid-1.4.8.tgz",
      "integrity": "sha1-sEDrCSOWivq/jTL7HxfxFn/auQc=",
      "deprecated": "Use uuid module instead",
      "bin": {
        "uuid": "bin/uuid"
      }
    },
    "node_modules/npm-hook-receiver": {
      "version": "0.0.7",
      "resolved": "https://registry.npmjs.org/npm-hook-receiver/-/npm-hook-receiver-0.0.7.tgz",
      "integrity": "sha1-QYGINwCEWJnh4IfYmS3NRZQKxWM=",
      "dependencies": {
        "restify": "~4.0.4"
      }
    },
    "node_modules/once": {
      "version": "1.4.0",
      "resolved": "https://registry.npmjs.org/once/-/once-1.4.0.tgz",
      "integrity": "sha1-WDsap3WWHUsROsF9nFC6753Xa9E=",
      "dependencies": {
        "wrappy": "1"
      }
    },
    "node_modules/path-is-absolute": {
      "version": "1.0.1",
      "resolved": "https://registry.npmjs.org/path-is-absolute/-/path-is-absolute-1.0.1.tgz",
      "integrity": "sha1-F0uSaHNVNP+8es5r9TpanhtcX18=",
      "optional": true,
      "engines": {
        "node": ">=0.10.0"
      }
    },
    "node_modules/precond": {
      "version": "0.2.3",
      "resolved": "https://registry.npmjs.org/precond/-/precond-0.2.3.tgz",
      "integrity": "sha1-qpWRvKokkj8eD0hJ0kD0fvwQdaw=",
      "engines": {
        "node": ">= 0.6"
      }
    },
    "node_modules/qs": {
      "version": "3.1.0",
      "resolved": "https://registry.npmjs.org/qs/-/qs-3.1.0.tgz",
      "integrity": "sha1-0OmudFIzoS3EP7TzBVu6RGJhFTw="
    },
    "node_modules/restify": {
      "version": "4.0.4",
      "resolved": "https://registry.npmjs.org/restify/-/restify-4.0.4.tgz",
      "integrity": "sha1-mFfCRlFEoa4vsd/AxXm3J82xz1Y=",
      "dependencies": {
        "assert-plus": "^0.1.5",
        "backoff": "^2.4.0",
        "bunyan": "^1.4.0",
        "csv": "^0.4.0",
        "dtrace-provider": "^0.6.0",
        "escape-regexp-component": "^1.0.2",
        "formidable": "^1.0.14",
        "http-signature": "^0.11.0",
        "keep-alive-agent": "^0.0.1",
        "lru-cache": "^2.5.0",
        "mime": "^1.2.11",
        "negotiator": "^0.5.1",
        "node-uuid": "^1.4.1",
        "once": "^1.3.0",
        "qs": "^3.1.0",
        "semver": "^4.3.3",
        "spdy": "^1.26.5",
        "tunnel-agent": "^0.4.0",
        "vasync": "1.6.3",
        "verror": "^1.4.0"
      },
      "bin": {
        "report-latency": "bin/report-latency"
      },
      "engines": {
        "node": ">=0.10"
      },
      "optionalDependencies": {
        "dtrace-provider": "^0.6.0"
      }
    },
    "node_modules/rimraf": {
      "version": "2.4.5",
      "resolved": "https://registry.npmjs.org/rimraf/-/rimraf-2.4.5.tgz",
      "integrity": "sha1-7nEM5dk6j9uFb7Xqj/Di11k0sto=",
      "optional": true,
      "dependencies": {
        "glob": "^6.0.1"
      },
      "bin": {
        "rimraf": "bin.js"
      }
    },
    "node_modules/safe-json-stringify": {
      "version": "1.2.0",
      "resolved": "https://registry.npmjs.org/safe-json-stringify/-/safe-json-stringify-1.2.0.tgz",
      "integrity": "sha512-gH8eh2nZudPQO6TytOvbxnuhYBOvDBBLW52tz5q6X58lJcd/tkmqFR+5Z9adS8aJtURSXWThWy/xJtJwixErvg==",
      "optional": true
    },
    "node_modules/semver": {
      "version": "4.3.6",
      "resolved": "https://registry.npmjs.org/semver/-/semver-4.3.6.tgz",
      "integrity": "sha1-MAvG4OhjdPe6YQaLWx7NV/xlMto=",
      "bin": {
        "semver": "bin/semver"
      }
    },
    "node_modules/spdy": {
      "version": "1.32.5",
      "resolved": "https://registry.npmjs.org/spdy/-/spdy-1.32.5.tgz",
      "integrity": "sha1-cO/yPN5Ol9UqRF9lr93MVpXrXts=",
      "engines": [
        "node >= 0.7.0"
      ]
    },
    "node_modules/stream-transform": {
      "version": "2.1.0",
      "resolved": "https://registry.npmjs.org/stream-transform/-/stream-transform-2.1.0.tgz",
      "integrity": "sha512-bwQO+75rzQbug7e5OOHnOR3FgbJ0fCjHmDIdynkwUaFzleBXugGmv2dx3sX3aIHUQRLjrcisRPgN9BWl63uGgw==",
      "dependencies": {
        "mixme": "^0.5.0"
      }
    },
    "node_modules/tunnel-agent": {
      "version": "0.4.3",
      "resolved": "https://registry.npmjs.org/tunnel-agent/-/tunnel-agent-0.4.3.tgz",
      "integrity": "sha1-Y3PbdpCf5XDgjXNYM2Xtgop07us=",
      "engines": {
        "node": "*"
      }
    },
    "node_modules/vasync": {
      "version": "1.6.3",
      "resolved": "https://registry.npmjs.org/vasync/-/vasync-1.6.3.tgz",
      "integrity": "sha1-SmnXBSpH9M6FUD12Qd8cv0BDKpQ=",
      "engines": [
        "node >=0.6.0"
      ],
      "dependencies": {
        "verror": "1.6.0"
      }
    },
    "node_modules/vasync/node_modules/extsprintf": {
      "version": "1.2.0",
      "resolved": "https://registry.npmjs.org/extsprintf/-/extsprintf-1.2.0.tgz",
      "integrity": "sha1-WtlGwi9bMrp/jNdCZxHG6KP8JSk=",
      "engines": [
        "node >=0.6.0"
      ]
    },
    "node_modules/vasync/node_modules/verror": {
      "version": "1.6.0",
      "resolved": "https://registry.npmjs.org/verror/-/verror-1.6.0.tgz",
      "integrity": "sha1-fROyex+swuLakEBetepuW90lLqU=",
      "engines": [
        "node >=0.6.0"
      ],
      "dependencies": {
        "extsprintf": "1.2.0"
      }
    },
    "node_modules/verror": {
      "version": "1.10.0",
      "resolved": "https://registry.npmjs.org/verror/-/verror-1.10.0.tgz",
      "integrity": "sha1-OhBcoXBTr1XW4nDB+CiGguGNpAA=",
      "engines": [
        "node >=0.6.0"
      ],
      "dependencies": {
        "assert-plus": "^1.0.0",
        "core-util-is": "1.0.2",
        "extsprintf": "^1.2.0"
      }
    },
    "node_modules/verror/node_modules/assert-plus": {
      "version": "1.0.0",
      "resolved": "https://registry.npmjs.org/assert-plus/-/assert-plus-1.0.0.tgz",
      "integrity": "sha1-8S4PPF13sLHN2RRpQuTpbB5N1SU=",
      "engines": {
        "node": ">=0.8"
      }
    },
    "node_modules/wrappy": {
      "version": "1.0.2",
      "resolved": "https://registry.npmjs.org/wrappy/-/wrappy-1.0.2.tgz",
      "integrity": "sha1-tSQ9jz7BqjXxNkYFvA0QNuMKtp8="
    }
  },
  "dependencies": {
    "@slack/types": {
      "version": "1.10.0",
      "resolved": "https://registry.npmjs.org/@slack/types/-/types-1.10.0.tgz",
      "integrity": "sha512-tA7GG7Tj479vojfV3AoxbckalA48aK6giGjNtgH6ihpLwTyHE3fIgRrvt8TWfLwW8X8dyu7vgmAsGLRG7hWWOg=="
    },
    "@slack/webhook": {
      "version": "6.0.0",
      "resolved": "https://registry.npmjs.org/@slack/webhook/-/webhook-6.0.0.tgz",
      "integrity": "sha512-2fohfhLI9lkAmOSWt1R457JBsB3iFNqahu4GqdFZRtcp/bT+xeG/kPn/hQa78JS74poRjWTt5G/qJjNaWMGOEQ==",
      "requires": {
        "@slack/types": "^1.2.1",
        "@types/node": ">=12.0.0",
        "axios": "^0.21.1"
      }
    },
    "@types/node": {
      "version": "16.4.2",
      "resolved": "https://registry.npmjs.org/@types/node/-/node-16.4.2.tgz",
      "integrity": "sha512-vxyhOzFCm+jC/T5KugbVsYy1DbQM0h3NCFUrVbu0+pYa/nr+heeucpqxpa8j4pUmIGLPYzboY9zIdOF0niFAjQ=="
    },
    "asn1": {
      "version": "0.1.11",
      "resolved": "https://registry.npmjs.org/asn1/-/asn1-0.1.11.tgz",
      "integrity": "sha1-VZvhg3bQik7E2+gId9J4GGObLfc="
    },
    "assert-plus": {
      "version": "0.1.5",
      "resolved": "https://registry.npmjs.org/assert-plus/-/assert-plus-0.1.5.tgz",
      "integrity": "sha1-7nQAlBMALYTOxyGcasgRgS5yMWA="
    },
    "axios": {
      "version": "0.21.1",
      "resolved": "https://registry.npmjs.org/axios/-/axios-0.21.1.tgz",
      "integrity": "sha512-dKQiRHxGD9PPRIUNIWvZhPTPpl1rf/OxTYKsqKUDjBwYylTvV7SjSHJb9ratfyzM6wCdLCOYLzs73qpg5c4iGA==",
      "requires": {
        "follow-redirects": "^1.10.0"
      }
    },
    "backoff": {
      "version": "2.5.0",
      "resolved": "https://registry.npmjs.org/backoff/-/backoff-2.5.0.tgz",
      "integrity": "sha1-9hbtqdPktmuMp/ynn2lXIsX44m8=",
      "requires": {
        "precond": "0.2"
      }
    },
    "balanced-match": {
      "version": "1.0.2",
      "resolved": "https://registry.npmjs.org/balanced-match/-/balanced-match-1.0.2.tgz",
      "integrity": "sha512-3oSeUO0TMV67hN1AmbXsK4yaqU7tjiHlbxRDZOpH0KW9+CeX4bRAaX0Anxt0tx2MrpRpWwQaPwIlISEJhYU5Pw==",
      "optional": true
    },
    "brace-expansion": {
      "version": "1.1.11",
      "resolved": "https://registry.npmjs.org/brace-expansion/-/brace-expansion-1.1.11.tgz",
      "integrity": "sha512-iCuPHDFgrHX7H2vEI/5xpz07zSHB00TpugqhmYtVmMO6518mCuRMoOYFldEBl0g187ufozdaHgWKcYFb61qGiA==",
      "optional": true,
      "requires": {
        "balanced-match": "^1.0.0",
        "concat-map": "0.0.1"
      }
    },
    "bunyan": {
      "version": "1.8.15",
      "resolved": "https://registry.npmjs.org/bunyan/-/bunyan-1.8.15.tgz",
      "integrity": "sha512-0tECWShh6wUysgucJcBAoYegf3JJoZWibxdqhTm7OHPeT42qdjkZ29QCMcKwbgU1kiH+auSIasNRXMLWXafXig==",
      "requires": {
        "dtrace-provider": "~0.8",
        "moment": "^2.19.3",
        "mv": "~2",
        "safe-json-stringify": "~1"
      },
      "dependencies": {
        "dtrace-provider": {
          "version": "0.8.8",
          "resolved": "https://registry.npmjs.org/dtrace-provider/-/dtrace-provider-0.8.8.tgz",
          "integrity": "sha512-b7Z7cNtHPhH9EJhNNbbeqTcXB8LGFFZhq1PGgEvpeHlzd36bhbdTWoE/Ba/YguqpBSlAPKnARWhVlhunCMwfxg==",
          "optional": true,
          "requires": {
            "nan": "^2.14.0"
          }
        }
      }
    },
    "concat-map": {
      "version": "0.0.1",
      "resolved": "https://registry.npmjs.org/concat-map/-/concat-map-0.0.1.tgz",
      "integrity": "sha1-2Klr13/Wjfd5OnMDajug1UBdR3s=",
      "optional": true
    },
    "core-util-is": {
      "version": "1.0.2",
      "resolved": "https://registry.npmjs.org/core-util-is/-/core-util-is-1.0.2.tgz",
      "integrity": "sha1-tf1UIgqivFq1eqtxQMlAdUUDwac="
    },
    "csv": {
      "version": "0.4.1",
      "resolved": "https://registry.npmjs.org/csv/-/csv-0.4.1.tgz",
      "integrity": "sha1-qljwWVkcmKNhphsofRwKOUx5Fg4=",
      "requires": {
        "csv-generate": "*",
        "csv-parse": "*",
        "csv-stringify": "*",
        "stream-transform": "*"
      }
    },
    "csv-generate": {
      "version": "3.4.0",
      "resolved": "https://registry.npmjs.org/csv-generate/-/csv-generate-3.4.0.tgz",
      "integrity": "sha512-D6yi7c6lL70cpTx3TQIVWKrfxuLiKa0pBizu0zi7fSRXlhmE7u674gk9k1IjCEnxKq2t6xzbXnxcOmSdBbE8vQ=="
    },
    "csv-parse": {
      "version": "4.16.0",
      "resolved": "https://registry.npmjs.org/csv-parse/-/csv-parse-4.16.0.tgz",
      "integrity": "sha512-Zb4tGPANH4SW0LgC9+s9Mnequs9aqn7N3/pCqNbVjs2XhEF6yWNU2Vm4OGl1v2Go9nw8rXt87Cm2QN/o6Vpqgg=="
    },
    "csv-stringify": {
      "version": "5.6.2",
      "resolved": "https://registry.npmjs.org/csv-stringify/-/csv-stringify-5.6.2.tgz",
      "integrity": "sha512-n3rIVbX6ylm1YsX2NEug9IaPV8xRnT+9/NNZbrA/bcHgOSSeqtWla6XnI/xmyu57wIw+ASCAoX1oM6EZtqJV0A=="
    },
    "ctype": {
      "version": "0.5.3",
      "resolved": "https://registry.npmjs.org/ctype/-/ctype-0.5.3.tgz",
      "integrity": "sha1-gsGMJGH3QRTvFsE1IkrQuRRMoS8="
    },
    "dtrace-provider": {
      "version": "0.6.0",
      "resolved": "https://registry.npmjs.org/dtrace-provider/-/dtrace-provider-0.6.0.tgz",
      "integrity": "sha1-CweNVReTfYcxAUUtkUZzdVe3XlE=",
      "optional": true,
      "requires": {
        "nan": "^2.0.8"
      }
    },
    "escape-regexp-component": {
      "version": "1.0.2",
      "resolved": "https://registry.npmjs.org/escape-regexp-component/-/escape-regexp-component-1.0.2.tgz",
      "integrity": "sha1-nGO20LJf8qiMOtvRjFthrMO5+qI="
    },
    "extsprintf": {
      "version": "1.4.0",
      "resolved": "https://registry.npmjs.org/extsprintf/-/extsprintf-1.4.0.tgz",
      "integrity": "sha1-4mifjzVvrWLMplo6kcXfX5VRaS8="
    },
    "follow-redirects": {
      "version": "1.14.1",
      "resolved": "https://registry.npmjs.org/follow-redirects/-/follow-redirects-1.14.1.tgz",
      "integrity": "sha512-HWqDgT7ZEkqRzBvc2s64vSZ/hfOceEol3ac/7tKwzuvEyWx3/4UegXh5oBOIotkGsObyk3xznnSRVADBgWSQVg=="
    },
    "formidable": {
      "version": "1.2.2",
      "resolved": "https://registry.npmjs.org/formidable/-/formidable-1.2.2.tgz",
      "integrity": "sha512-V8gLm+41I/8kguQ4/o1D3RIHRmhYFG4pnNyonvua+40rqcEmT4+V71yaZ3B457xbbgCsCfjSPi65u/W6vK1U5Q=="
    },
    "glob": {
      "version": "6.0.4",
      "resolved": "https://registry.npmjs.org/glob/-/glob-6.0.4.tgz",
      "integrity": "sha1-DwiGD2oVUSey+t1PnOJLGqtuTSI=",
      "optional": true,
      "requires": {
        "inflight": "^1.0.4",
        "inherits": "2",
        "minimatch": "2 || 3",
        "once": "^1.3.0",
        "path-is-absolute": "^1.0.0"
      }
    },
    "http-signature": {
      "version": "0.11.0",
      "resolved": "https://registry.npmjs.org/http-signature/-/http-signature-0.11.0.tgz",
      "integrity": "sha1-F5bPZ6ABrVzWhJ3KCZFIXwkIn+Y=",
      "requires": {
        "asn1": "0.1.11",
        "assert-plus": "^0.1.5",
        "ctype": "0.5.3"
      }
    },
    "inflight": {
      "version": "1.0.6",
      "resolved": "https://registry.npmjs.org/inflight/-/inflight-1.0.6.tgz",
      "integrity": "sha1-Sb1jMdfQLQwJvJEKEHW6gWW1bfk=",
      "optional": true,
      "requires": {
        "once": "^1.3.0",
        "wrappy": "1"
      }
    },
    "inherits": {
      "version": "2.0.4",
      "resolved": "https://registry.npmjs.org/inherits/-/inherits-2.0.4.tgz",
      "integrity": "sha512-k/vGaX4/Yla3WzyMCvTQOXYeIHvqOKtnqBduzTHpzpQZzAskKMhZ2K+EnBiSM9zGSoIFeMpXKxa4dYeZIQqewQ==",
      "optional": true
    },
    "kafkajs": {
      "version": "1.15.0",
      "resolved": "https://registry.npmjs.org/kafkajs/-/kafkajs-1.15.0.tgz",
      "integrity": "sha512-yjPyEnQCkPxAuQLIJnY5dI+xnmmgXmhuOQ1GVxClG5KTOV/rJcW1qA3UfvyEJKTp/RTSqQnUR3HJsKFvHyTpNg=="
    },
    "keep-alive-agent": {
      "version": "0.0.1",
      "resolved": "https://registry.npmjs.org/keep-alive-agent/-/keep-alive-agent-0.0.1.tgz",
      "integrity": "sha1-RIR8o5TOjWtSGuhYFr1kUJlCs4U="
    },
    "lru-cache": {
      "version": "2.7.3",
      "resolved": "https://registry.npmjs.org/lru-cache/-/lru-cache-2.7.3.tgz",
      "integrity": "sha1-bUUk6LlV+V1PW1iFHOId1y+06VI="
    },
    "mime": {
      "version": "1.6.0",
      "resolved": "https://registry.npmjs.org/mime/-/mime-1.6.0.tgz",
      "integrity": "sha512-x0Vn8spI+wuJ1O6S7gnbaQg8Pxh4NNHb7KSINmEWKiPE4RKOplvijn+NkmYmmRgP68mc70j2EbeTFRsrswaQeg=="
    },
    "minimatch": {
      "version": "3.0.4",
      "resolved": "https://registry.npmjs.org/minimatch/-/minimatch-3.0.4.tgz",
      "integrity": "sha512-yJHVQEhyqPLUTgt9B83PXu6W3rx4MvvHvSUvToogpwoGDOUQ+yDrR0HRot+yOCdCO7u4hX3pWft6kWBBcqh0UA==",
      "optional": true,
      "requires": {
        "brace-expansion": "^1.1.7"
      }
    },
    "minimist": {
      "version": "1.2.5",
      "resolved": "https://registry.npmjs.org/minimist/-/minimist-1.2.5.tgz",
      "integrity": "sha512-FM9nNUYrRBAELZQT3xeZQ7fmMOBg6nWNmJKTcgsJeaLstP/UODVpGsr5OhXhhXg6f+qtJ8uiZ+PUxkDWcgIXLw==",
      "optional": true
    },
    "mixme": {
      "version": "0.5.1",
      "resolved": "https://registry.npmjs.org/mixme/-/mixme-0.5.1.tgz",
      "integrity": "sha512-NaeZIckeBFT7i0XBEpGyFcAE0/bLcQ9MHErTpnU3bLWVE5WZbxG5Y3fDsMxYGifTo5khDA42OquXCC2ngKJB+g=="
    },
    "mkdirp": {
      "version": "0.5.5",
      "resolved": "https://registry.npmjs.org/mkdirp/-/mkdirp-0.5.5.tgz",
      "integrity": "sha512-NKmAlESf6jMGym1++R0Ra7wvhV+wFW63FaSOFPwRahvea0gMUcGUhVeAg/0BC0wiv9ih5NYPB1Wn1UEI1/L+xQ==",
      "optional": true,
      "requires": {
        "minimist": "^1.2.5"
      }
    },
    "moment": {
      "version": "2.29.1",
      "resolved": "https://registry.npmjs.org/moment/-/moment-2.29.1.tgz",
      "integrity": "sha512-kHmoybcPV8Sqy59DwNDY3Jefr64lK/by/da0ViFcuA4DH0vQg5Q6Ze5VimxkfQNSC+Mls/Kx53s7TjP1RhFEDQ==",
      "optional": true
    },
    "mv": {
      "version": "2.1.1",
      "resolved": "https://registry.npmjs.org/mv/-/mv-2.1.1.tgz",
      "integrity": "sha1-rmzg1vbV4KT32JN5jQPB6pVZtqI=",
      "optional": true,
      "requires": {
        "mkdirp": "~0.5.1",
        "ncp": "~2.0.0",
        "rimraf": "~2.4.0"
      }
    },
    "nan": {
      "version": "2.14.2",
      "resolved": "https://registry.npmjs.org/nan/-/nan-2.14.2.tgz",
      "integrity": "sha512-M2ufzIiINKCuDfBSAUr1vWQ+vuVcA9kqx8JJUsbQi6yf1uGRyb7HfpdfUr5qLXf3B/t8dPvcjhKMmlfnP47EzQ==",
      "optional": true
    },
    "ncp": {
      "version": "2.0.0",
      "resolved": "https://registry.npmjs.org/ncp/-/ncp-2.0.0.tgz",
      "integrity": "sha1-GVoh1sRuNh0vsSgbo4uR6d9727M=",
      "optional": true
    },
    "negotiator": {
      "version": "0.5.3",
      "resolved": "https://registry.npmjs.org/negotiator/-/negotiator-0.5.3.tgz",
      "integrity": "sha1-Jp1cR2gQ7JLtvntsLygxY4T5p+g="
    },
    "node-uuid": {
      "version": "1.4.8",
      "resolved": "https://registry.npmjs.org/node-uuid/-/node-uuid-1.4.8.tgz",
      "integrity": "sha1-sEDrCSOWivq/jTL7HxfxFn/auQc="
    },
    "npm-hook-receiver": {
      "version": "0.0.7",
      "resolved": "https://registry.npmjs.org/npm-hook-receiver/-/npm-hook-receiver-0.0.7.tgz",
      "integrity": "sha1-QYGINwCEWJnh4IfYmS3NRZQKxWM=",
      "requires": {
        "restify": "~4.0.4"
      }
    },
    "once": {
      "version": "1.4.0",
      "resolved": "https://registry.npmjs.org/once/-/once-1.4.0.tgz",
      "integrity": "sha1-WDsap3WWHUsROsF9nFC6753Xa9E=",
      "requires": {
        "wrappy": "1"
      }
    },
    "path-is-absolute": {
      "version": "1.0.1",
      "resolved": "https://registry.npmjs.org/path-is-absolute/-/path-is-absolute-1.0.1.tgz",
      "integrity": "sha1-F0uSaHNVNP+8es5r9TpanhtcX18=",
      "optional": true
    },
    "precond": {
      "version": "0.2.3",
      "resolved": "https://registry.npmjs.org/precond/-/precond-0.2.3.tgz",
      "integrity": "sha1-qpWRvKokkj8eD0hJ0kD0fvwQdaw="
    },
    "qs": {
      "version": "3.1.0",
      "resolved": "https://registry.npmjs.org/qs/-/qs-3.1.0.tgz",
      "integrity": "sha1-0OmudFIzoS3EP7TzBVu6RGJhFTw="
    },
    "restify": {
      "version": "4.0.4",
      "resolved": "https://registry.npmjs.org/restify/-/restify-4.0.4.tgz",
      "integrity": "sha1-mFfCRlFEoa4vsd/AxXm3J82xz1Y=",
      "requires": {
        "assert-plus": "^0.1.5",
        "backoff": "^2.4.0",
        "bunyan": "^1.4.0",
        "csv": "^0.4.0",
        "dtrace-provider": "^0.6.0",
        "escape-regexp-component": "^1.0.2",
        "formidable": "^1.0.14",
        "http-signature": "^0.11.0",
        "keep-alive-agent": "^0.0.1",
        "lru-cache": "^2.5.0",
        "mime": "^1.2.11",
        "negotiator": "^0.5.1",
        "node-uuid": "^1.4.1",
        "once": "^1.3.0",
        "qs": "^3.1.0",
        "semver": "^4.3.3",
        "spdy": "^1.26.5",
        "tunnel-agent": "^0.4.0",
        "vasync": "1.6.3",
        "verror": "^1.4.0"
      }
    },
    "rimraf": {
      "version": "2.4.5",
      "resolved": "https://registry.npmjs.org/rimraf/-/rimraf-2.4.5.tgz",
      "integrity": "sha1-7nEM5dk6j9uFb7Xqj/Di11k0sto=",
      "optional": true,
      "requires": {
        "glob": "^6.0.1"
      }
    },
    "safe-json-stringify": {
      "version": "1.2.0",
      "resolved": "https://registry.npmjs.org/safe-json-stringify/-/safe-json-stringify-1.2.0.tgz",
      "integrity": "sha512-gH8eh2nZudPQO6TytOvbxnuhYBOvDBBLW52tz5q6X58lJcd/tkmqFR+5Z9adS8aJtURSXWThWy/xJtJwixErvg==",
      "optional": true
    },
    "semver": {
      "version": "4.3.6",
      "resolved": "https://registry.npmjs.org/semver/-/semver-4.3.6.tgz",
      "integrity": "sha1-MAvG4OhjdPe6YQaLWx7NV/xlMto="
    },
    "spdy": {
      "version": "1.32.5",
      "resolved": "https://registry.npmjs.org/spdy/-/spdy-1.32.5.tgz",
      "integrity": "sha1-cO/yPN5Ol9UqRF9lr93MVpXrXts="
    },
    "stream-transform": {
      "version": "2.1.0",
      "resolved": "https://registry.npmjs.org/stream-transform/-/stream-transform-2.1.0.tgz",
      "integrity": "sha512-bwQO+75rzQbug7e5OOHnOR3FgbJ0fCjHmDIdynkwUaFzleBXugGmv2dx3sX3aIHUQRLjrcisRPgN9BWl63uGgw==",
      "requires": {
        "mixme": "^0.5.0"
      }
    },
    "tunnel-agent": {
      "version": "0.4.3",
      "resolved": "https://registry.npmjs.org/tunnel-agent/-/tunnel-agent-0.4.3.tgz",
      "integrity": "sha1-Y3PbdpCf5XDgjXNYM2Xtgop07us="
    },
    "vasync": {
      "version": "1.6.3",
      "resolved": "https://registry.npmjs.org/vasync/-/vasync-1.6.3.tgz",
      "integrity": "sha1-SmnXBSpH9M6FUD12Qd8cv0BDKpQ=",
      "requires": {
        "verror": "1.6.0"
      },
      "dependencies": {
        "extsprintf": {
          "version": "1.2.0",
          "resolved": "https://registry.npmjs.org/extsprintf/-/extsprintf-1.2.0.tgz",
          "integrity": "sha1-WtlGwi9bMrp/jNdCZxHG6KP8JSk="
        },
        "verror": {
          "version": "1.6.0",
          "resolved": "https://registry.npmjs.org/verror/-/verror-1.6.0.tgz",
          "integrity": "sha1-fROyex+swuLakEBetepuW90lLqU=",
          "requires": {
            "extsprintf": "1.2.0"
          }
        }
      }
    },
    "verror": {
      "version": "1.10.0",
      "resolved": "https://registry.npmjs.org/verror/-/verror-1.10.0.tgz",
      "integrity": "sha1-OhBcoXBTr1XW4nDB+CiGguGNpAA=",
      "requires": {
        "assert-plus": "^1.0.0",
        "core-util-is": "1.0.2",
        "extsprintf": "^1.2.0"
      },
      "dependencies": {
        "assert-plus": {
          "version": "1.0.0",
          "resolved": "https://registry.npmjs.org/assert-plus/-/assert-plus-1.0.0.tgz",
          "integrity": "sha1-8S4PPF13sLHN2RRpQuTpbB5N1SU="
        }
      }
    },
    "wrappy": {
      "version": "1.0.2",
      "resolved": "https://registry.npmjs.org/wrappy/-/wrappy-1.0.2.tgz",
      "integrity": "sha1-tSQ9jz7BqjXxNkYFvA0QNuMKtp8="
    }
  }
}
